// !$*UTF8*$!
{
	archiveVersion = 1;
	classes = {
	};
	objectVersion = 77;
	objects = {

/* Begin PBXBuildFile section */
		8021AECA2ED91A0100541E54 /* GoogleSignIn in Frameworks */ = {isa = PBXBuildFile; productRef = 8021AEC92ED91A0100541E54 /* GoogleSignIn */; };
		8021AECC2ED91A0100541E54 /* GoogleSignInSwift in Frameworks */ = {isa = PBXBuildFile; productRef = 8021AECB2ED91A0100541E54 /* GoogleSignInSwift */; };
		802C49B12EBBB2340084B356 /* Lottie in Frameworks */ = {isa = PBXBuildFile; productRef = 802C49B02EBBB2340084B356 /* Lottie */; };
		8077CC2A2ECF8AF400742806 /* Mixpanel in Frameworks */ = {isa = PBXBuildFile; productRef = 8077CC292ECF8AF400742806 /* Mixpanel */; };
		8097F9912EA8CBCA007C9606 /* FirebaseAuth in Frameworks */ = {isa = PBXBuildFile; productRef = 8097F9902EA8CBCA007C9606 /* FirebaseAuth */; };
		8097F9932EA8CBCA007C9606 /* FirebaseFirestore in Frameworks */ = {isa = PBXBuildFile; productRef = 8097F9922EA8CBCA007C9606 /* FirebaseFirestore */; };
		80F600CC2E85D5BF008F58FB /* FirebaseAI in Frameworks */ = {isa = PBXBuildFile; productRef = 80F600CB2E85D5BF008F58FB /* FirebaseAI */; };
		80F600CE2E85D5BF008F58FB /* FirebaseAnalytics in Frameworks */ = {isa = PBXBuildFile; productRef = 80F600CD2E85D5BF008F58FB /* FirebaseAnalytics */; };
		80F600D02E85D5BF008F58FB /* FirebaseAnalyticsCore in Frameworks */ = {isa = PBXBuildFile; productRef = 80F600CF2E85D5BF008F58FB /* FirebaseAnalyticsCore */; };
		80F600D22E85D5BF008F58FB /* FirebaseAnalyticsIdentitySupport in Frameworks */ = {isa = PBXBuildFile; productRef = 80F600D12E85D5BF008F58FB /* FirebaseAnalyticsIdentitySupport */; };
		80F600D72E85EAA9008F58FB /* SuperwallKit in Frameworks */ = {isa = PBXBuildFile; productRef = 80F600D62E85EAA9008F58FB /* SuperwallKit */; };
/* End PBXBuildFile section */

/* Begin PBXContainerItemProxy section */
		80F600AE2E85D4A0008F58FB /* PBXContainerItemProxy */ = {
			isa = PBXContainerItemProxy;
			containerPortal = 80F600982E85D4A0008F58FB /* Project object */;
			proxyType = 1;
			remoteGlobalIDString = 80F6009F2E85D4A0008F58FB;
			remoteInfo = CortiFree;
		};
		80F600B82E85D4A0008F58FB /* PBXContainerItemProxy */ = {
			isa = PBXContainerItemProxy;
			containerPortal = 80F600982E85D4A0008F58FB /* Project object */;
			proxyType = 1;
			remoteGlobalIDString = 80F6009F2E85D4A0008F58FB;
			remoteInfo = CortiFree;
		};
/* End PBXContainerItemProxy section */

/* Begin PBXFileReference section */
		80F600A02E85D4A0008F58FB /* CortiFree.app */ = {isa = PBXFileReference; explicitFileType = wrapper.application; includeInIndex = 0; path = CortiFree.app; sourceTree = BUILT_PRODUCTS_DIR; };
		80F600AD2E85D4A0008F58FB /* CortiFreeTests.xctest */ = {isa = PBXFileReference; explicitFileType = wrapper.cfbundle; includeInIndex = 0; path = CortiFreeTests.xctest; sourceTree = BUILT_PRODUCTS_DIR; };
		80F600B72E85D4A0008F58FB /* CortiFreeUITests.xctest */ = {isa = PBXFileReference; explicitFileType = wrapper.cfbundle; includeInIndex = 0; path = CortiFreeUITests.xctest; sourceTree = BUILT_PRODUCTS_DIR; };
/* End PBXFileReference section */

/* Begin PBXFileSystemSynchronizedRootGroup section */
		80F600A22E85D4A0008F58FB /* CortiFree */ = {
			isa = PBXFileSystemSynchronizedRootGroup;
			path = CortiFree;
			sourceTree = "<group>";
		};
		80F600B02E85D4A0008F58FB /* CortiFreeTests */ = {
			isa = PBXFileSystemSynchronizedRootGroup;
			path = CortiFreeTests;
			sourceTree = "<group>";
		};
		80F600BA2E85D4A0008F58FB /* CortiFreeUITests */ = {
			isa = PBXFileSystemSynchronizedRootGroup;
			path = CortiFreeUITests;
			sourceTree = "<group>";
		};
/* End PBXFileSystemSynchronizedRootGroup section */

/* Begin PBXFrameworksBuildPhase section */
		80F6009D2E85D4A0008F58FB /* Frameworks */ = {
			isa = PBXFrameworksBuildPhase;
			buildActionMask = 2147483647;
			files = (
				80F600D22E85D5BF008F58FB /* FirebaseAnalyticsIdentitySupport in Frameworks */,
				8097F9912EA8CBCA007C9606 /* FirebaseAuth in Frameworks */,
				80F600CE2E85D5BF008F58FB /* FirebaseAnalytics in Frameworks */,
				80F600D02E85D5BF008F58FB /* FirebaseAnalyticsCore in Frameworks */,
				80F600D72E85EAA9008F58FB /* SuperwallKit in Frameworks */,
				8021AECA2ED91A0100541E54 /* GoogleSignIn in Frameworks */,
				80F600CC2E85D5BF008F58FB /* FirebaseAI in Frameworks */,
				8077CC2A2ECF8AF400742806 /* Mixpanel in Frameworks */,
				8097F9932EA8CBCA007C9606 /* FirebaseFirestore in Frameworks */,
				802C49B12EBBB2340084B356 /* Lottie in Frameworks */,
				8021AECC2ED91A0100541E54 /* GoogleSignInSwift in Frameworks */,
			);
			runOnlyForDeploymentPostprocessing = 0;
		};
		80F600AA2E85D4A0008F58FB /* Frameworks */ = {
			isa = PBXFrameworksBuildPhase;
			buildActionMask = 2147483647;
			files = (
			);
			runOnlyForDeploymentPostprocessing = 0;
		};
		80F600B42E85D4A0008F58FB /* Frameworks */ = {
			isa = PBXFrameworksBuildPhase;
			buildActionMask = 2147483647;
			files = (
			);
			runOnlyForDeploymentPostprocessing = 0;
		};
/* End PBXFrameworksBuildPhase section */

/* Begin PBXGroup section */
		80F600972E85D4A0008F58FB = {
			isa = PBXGroup;
			children = (
				80F600A22E85D4A0008F58FB /* CortiFree */,
				80F600B02E85D4A0008F58FB /* CortiFreeTests */,
				80F600BA2E85D4A0008F58FB /* CortiFreeUITests */,
				80F600A12E85D4A0008F58FB /* Products */,
			);
			sourceTree = "<group>";
		};
		80F600A12E85D4A0008F58FB /* Products */ = {
			isa = PBXGroup;
			children = (
				80F600A02E85D4A0008F58FB /* CortiFree.app */,
				80F600AD2E85D4A0008F58FB /* CortiFreeTests.xctest */,
				80F600B72E85D4A0008F58FB /* CortiFreeUITests.xctest */,
			);
			name = Products;
			sourceTree = "<group>";
		};
/* End PBXGroup section */

/* Begin PBXNativeTarget section */
		80F6009F2E85D4A0008F58FB /* CortiFree */ = {
			isa = PBXNativeTarget;
			buildConfigurationList = 80F600C12E85D4A0008F58FB /* Build configuration list for PBXNativeTarget "CortiFree" */;
			buildPhases = (
				80F6009C2E85D4A0008F58FB /* Sources */,
				80F6009D2E85D4A0008F58FB /* Frameworks */,
				80F6009E2E85D4A0008F58FB /* Resources */,
			);
			buildRules = (
			);
			dependencies = (
			);
			fileSystemSynchronizedGroups = (
				80F600A22E85D4A0008F58FB /* CortiFree */,
			);
			name = CortiFree;
			packageProductDependencies = (
				80F600CB2E85D5BF008F58FB /* FirebaseAI */,
				80F600CD2E85D5BF008F58FB /* FirebaseAnalytics */,
				80F600CF2E85D5BF008F58FB /* FirebaseAnalyticsCore */,
				80F600D12E85D5BF008F58FB /* FirebaseAnalyticsIdentitySupport */,
				80F600D62E85EAA9008F58FB /* SuperwallKit */,
				8097F9902EA8CBCA007C9606 /* FirebaseAuth */,
				8097F9922EA8CBCA007C9606 /* FirebaseFirestore */,
				802C49B02EBBB2340084B356 /* Lottie */,
				8077CC292ECF8AF400742806 /* Mixpanel */,
				8021AEC92ED91A0100541E54 /* GoogleSignIn */,
				8021AECB2ED91A0100541E54 /* GoogleSignInSwift */,
			);
			productName = CortiFree;
			productReference = 80F600A02E85D4A0008F58FB /* CortiFree.app */;
			productType = "com.apple.product-type.application";
		};
		80F600AC2E85D4A0008F58FB /* CortiFreeTests */ = {
			isa = PBXNativeTarget;
			buildConfigurationList = 80F600C42E85D4A0008F58FB /* Build configuration list for PBXNativeTarget "CortiFreeTests" */;
			buildPhases = (
				80F600A92E85D4A0008F58FB /* Sources */,
				80F600AA2E85D4A0008F58FB /* Frameworks */,
				80F600AB2E85D4A0008F58FB /* Resources */,
			);
			buildRules = (
			);
			dependencies = (
				80F600AF2E85D4A0008F58FB /* PBXTargetDependency */,
			);
			fileSystemSynchronizedGroups = (
				80F600B02E85D4A0008F58FB /* CortiFreeTests */,
			);
			name = CortiFreeTests;
			productName = CortiFreeTests;
			productReference = 80F600AD2E85D4A0008F58FB /* CortiFreeTests.xctest */;
			productType = "com.apple.product-type.bundle.unit-test";
		};
		80F600B62E85D4A0008F58FB /* CortiFreeUITests */ = {
			isa = PBXNativeTarget;
			buildConfigurationList = 80F600C72E85D4A0008F58FB /* Build configuration list for PBXNativeTarget "CortiFreeUITests" */;
			buildPhases = (
				80F600B32E85D4A0008F58FB /* Sources */,
				80F600B42E85D4A0008F58FB /* Frameworks */,
				80F600B52E85D4A0008F58FB /* Resources */,
			);
			buildRules = (
			);
			dependencies = (
				80F600B92E85D4A0008F58FB /* PBXTargetDependency */,
			);
			fileSystemSynchronizedGroups = (
				80F600BA2E85D4A0008F58FB /* CortiFreeUITests */,
			);
			name = CortiFreeUITests;
			productName = CortiFreeUITests;
			productReference = 80F600B72E85D4A0008F58FB /* CortiFreeUITests.xctest */;
			productType = "com.apple.product-type.bundle.ui-testing";
		};
/* End PBXNativeTarget section */

/* Begin PBXProject section */
		80F600982E85D4A0008F58FB /* Project object */ = {
			isa = PBXProject;
			attributes = {
				BuildIndependentTargetsInParallel = 1;
				LastSwiftUpdateCheck = 1640;
				LastUpgradeCheck = 1640;
				TargetAttributes = {
					80F6009F2E85D4A0008F58FB = {
						CreatedOnToolsVersion = 16.4;
					};
					80F600AC2E85D4A0008F58FB = {
						CreatedOnToolsVersion = 16.4;
						TestTargetID = 80F6009F2E85D4A0008F58FB;
					};
					80F600B62E85D4A0008F58FB = {
						CreatedOnToolsVersion = 16.4;
						TestTargetID = 80F6009F2E85D4A0008F58FB;
					};
				};
			};
			buildConfigurationList = 80F6009B2E85D4A0008F58FB /* Build configuration list for PBXProject "CortiFree" */;
			developmentRegion = en;
			hasScannedForEncodings = 0;
			knownRegions = (
				en,
				Base,
				fr,
			);
			mainGroup = 80F600972E85D4A0008F58FB;
			minimizedProjectReferenceProxies = 1;
			packageReferences = (
				80F600CA2E85D5BF008F58FB /* XCRemoteSwiftPackageReference "firebase-ios-sdk" */,
				80F600D52E85EAA9008F58FB /* XCRemoteSwiftPackageReference "Superwall-iOS" */,
				802C49AF2EBBB2340084B356 /* XCRemoteSwiftPackageReference "lottie-spm" */,
				8077CC282ECF8AF400742806 /* XCRemoteSwiftPackageReference "mixpanel-swift" */,
				8021AEC82ED91A0100541E54 /* XCRemoteSwiftPackageReference "GoogleSignIn-iOS" */,
			);
			preferredProjectObjectVersion = 77;
			productRefGroup = 80F600A12E85D4A0008F58FB /* Products */;
			projectDirPath = "";
			projectRoot = "";
			targets = (
				80F6009F2E85D4A0008F58FB /* CortiFree */,
				80F600AC2E85D4A0008F58FB /* CortiFreeTests */,
				80F600B62E85D4A0008F58FB /* CortiFreeUITests */,
			);
		};
/* End PBXProject section */

/* Begin PBXResourcesBuildPhase section */
		80F6009E2E85D4A0008F58FB /* Resources */ = {
			isa = PBXResourcesBuildPhase;
			buildActionMask = 2147483647;
			files = (
			);
			runOnlyForDeploymentPostprocessing = 0;
		};
		80F600AB2E85D4A0008F58FB /* Resources */ = {
			isa = PBXResourcesBuildPhase;
			buildActionMask = 2147483647;
			files = (
			);
			runOnlyForDeploymentPostprocessing = 0;
		};
		80F600B52E85D4A0008F58FB /* Resources */ = {
			isa = PBXResourcesBuildPhase;
			buildActionMask = 2147483647;
			files = (
			);
			runOnlyForDeploymentPostprocessing = 0;
		};
/* End PBXResourcesBuildPhase section */

/* Begin PBXSourcesBuildPhase section */
		80F6009C2E85D4A0008F58FB /* Sources */ = {
			isa = PBXSourcesBuildPhase;
			buildActionMask = 2147483647;
			files = (
			);
			runOnlyForDeploymentPostprocessing = 0;
		};
		80F600A92E85D4A0008F58FB /* Sources */ = {
			isa = PBXSourcesBuildPhase;
			buildActionMask = 2147483647;
			files = (
			);
			runOnlyForDeploymentPostprocessing = 0;
		};
		80F600B32E85D4A0008F58FB /* Sources */ = {
			isa = PBXSourcesBuildPhase;
			buildActionMask = 2147483647;
			files = (
			);
			runOnlyForDeploymentPostprocessing = 0;
		};
/* End PBXSourcesBuildPhase section */

/* Begin PBXTargetDependency section */
		80F600AF2E85D4A0008F58FB /* PBXTargetDependency */ = {
			isa = PBXTargetDependency;
			target = 80F6009F2E85D4A0008F58FB /* CortiFree */;
			targetProxy = 80F600AE2E85D4A0008F58FB /* PBXContainerItemProxy */;
		};
		80F600B92E85D4A0008F58FB /* PBXTargetDependency */ = {
			isa = PBXTargetDependency;
			target = 80F6009F2E85D4A0008F58FB /* CortiFree */;
			targetProxy = 80F600B82E85D4A0008F58FB /* PBXContainerItemProxy */;
		};
/* End PBXTargetDependency section */

/* Begin XCBuildConfiguration section */
		80F600BF2E85D4A0008F58FB /* Debug */ = {
			isa = XCBuildConfiguration;
			buildSettings = {
				ALWAYS_SEARCH_USER_PATHS = NO;
				ASSETCATALOG_COMPILER_GENERATE_SWIFT_ASSET_SYMBOL_EXTENSIONS = YES;
				CLANG_ANALYZER_NONNULL = YES;
				CLANG_ANALYZER_NUMBER_OBJECT_CONVERSION = YES_AGGRESSIVE;
				CLANG_CXX_LANGUAGE_STANDARD = "gnu++20";
				CLANG_ENABLE_MODULES = YES;
				CLANG_ENABLE_OBJC_ARC = YES;
				CLANG_ENABLE_OBJC_WEAK = YES;
				CLANG_WARN_BLOCK_CAPTURE_AUTORELEASING = YES;
				CLANG_WARN_BOOL_CONVERSION = YES;
				CLANG_WARN_COMMA = YES;
				CLANG_WARN_CONSTANT_CONVERSION = YES;
				CLANG_WARN_DEPRECATED_OBJC_IMPLEMENTATIONS = YES;
				CLANG_WARN_DIRECT_OBJC_ISA_USAGE = YES_ERROR;
				CLANG_WARN_DOCUMENTATION_COMMENTS = YES;
				CLANG_WARN_EMPTY_BODY = YES;
				CLANG_WARN_ENUM_CONVERSION = YES;
				CLANG_WARN_INFINITE_RECURSION = YES;
				CLANG_WARN_INT_CONVERSION = YES;
				CLANG_WARN_NON_LITERAL_NULL_CONVERSION = YES;
				CLANG_WARN_OBJC_IMPLICIT_RETAIN_SELF = YES;
				CLANG_WARN_OBJC_LITERAL_CONVERSION = YES;
				CLANG_WARN_OBJC_ROOT_CLASS = YES_ERROR;
				CLANG_WARN_QUOTED_INCLUDE_IN_FRAMEWORK_HEADER = YES;
				CLANG_WARN_RANGE_LOOP_ANALYSIS = YES;
				CLANG_WARN_STRICT_PROTOTYPES = YES;
				CLANG_WARN_SUSPICIOUS_MOVE = YES;
				CLANG_WARN_UNGUARDED_AVAILABILITY = YES_AGGRESSIVE;
				CLANG_WARN_UNREACHABLE_CODE = YES;
				CLANG_WARN__DUPLICATE_METHOD_MATCH = YES;
				COPY_PHASE_STRIP = NO;
				DEBUG_INFORMATION_FORMAT = dwarf;
				ENABLE_STRICT_OBJC_MSGSEND = YES;
				ENABLE_TESTABILITY = YES;
				ENABLE_USER_SCRIPT_SANDBOXING = YES;
				GCC_C_LANGUAGE_STANDARD = gnu17;
				GCC_DYNAMIC_NO_PIC = NO;
				GCC_NO_COMMON_BLOCKS = YES;
				GCC_OPTIMIZATION_LEVEL = 0;
				GCC_PREPROCESSOR_DEFINITIONS = (
					"DEBUG=1",
					"$(inherited)",
				);
				GCC_WARN_64_TO_32_BIT_CONVERSION = YES;
				GCC_WARN_ABOUT_RETURN_TYPE = YES_ERROR;
				GCC_WARN_UNDECLARED_SELECTOR = YES;
				GCC_WARN_UNINITIALIZED_AUTOS = YES_AGGRESSIVE;
				GCC_WARN_UNUSED_FUNCTION = YES;
				GCC_WARN_UNUSED_VARIABLE = YES;
				IPHONEOS_DEPLOYMENT_TARGET = 18.5;
				LOCALIZATION_PREFERS_STRING_CATALOGS = YES;
				MTL_ENABLE_DEBUG_INFO = INCLUDE_SOURCE;
				MTL_FAST_MATH = YES;
				ONLY_ACTIVE_ARCH = YES;
				SDKROOT = iphoneos;
				SWIFT_ACTIVE_COMPILATION_CONDITIONS = "DEBUG $(inherited)";
				SWIFT_OPTIMIZATION_LEVEL = "-Onone";
			};
			name = Debug;
		};
		80F600C02E85D4A0008F58FB /* Release */ = {
			isa = XCBuildConfiguration;
			buildSettings = {
				ALWAYS_SEARCH_USER_PATHS = NO;
				ASSETCATALOG_COMPILER_GENERATE_SWIFT_ASSET_SYMBOL_EXTENSIONS = YES;
				CLANG_ANALYZER_NONNULL = YES;
				CLANG_ANALYZER_NUMBER_OBJECT_CONVERSION = YES_AGGRESSIVE;
				CLANG_CXX_LANGUAGE_STANDARD = "gnu++20";
				CLANG_ENABLE_MODULES = YES;
				CLANG_ENABLE_OBJC_ARC = YES;
				CLANG_ENABLE_OBJC_WEAK = YES;
				CLANG_WARN_BLOCK_CAPTURE_AUTORELEASING = YES;
				CLANG_WARN_BOOL_CONVERSION = YES;
				CLANG_WARN_COMMA = YES;
				CLANG_WARN_CONSTANT_CONVERSION = YES;
				CLANG_WARN_DEPRECATED_OBJC_IMPLEMENTATIONS = YES;
				CLANG_WARN_DIRECT_OBJC_ISA_USAGE = YES_ERROR;
				CLANG_WARN_DOCUMENTATION_COMMENTS = YES;
				CLANG_WARN_EMPTY_BODY = YES;
				CLANG_WARN_ENUM_CONVERSION = YES;
				CLANG_WARN_INFINITE_RECURSION = YES;
				CLANG_WARN_INT_CONVERSION = YES;
				CLANG_WARN_NON_LITERAL_NULL_CONVERSION = YES;
				CLANG_WARN_OBJC_IMPLICIT_RETAIN_SELF = YES;
				CLANG_WARN_OBJC_LITERAL_CONVERSION = YES;
				CLANG_WARN_OBJC_ROOT_CLASS = YES_ERROR;
				CLANG_WARN_QUOTED_INCLUDE_IN_FRAMEWORK_HEADER = YES;
				CLANG_WARN_RANGE_LOOP_ANALYSIS = YES;
				CLANG_WARN_STRICT_PROTOTYPES = YES;
				CLANG_WARN_SUSPICIOUS_MOVE = YES;
				CLANG_WARN_UNGUARDED_AVAILABILITY = YES_AGGRESSIVE;
				CLANG_WARN_UNREACHABLE_CODE = YES;
				CLANG_WARN__DUPLICATE_METHOD_MATCH = YES;
				COPY_PHASE_STRIP = NO;
				DEBUG_INFORMATION_FORMAT = "dwarf-with-dsym";
				ENABLE_NS_ASSERTIONS = NO;
				ENABLE_STRICT_OBJC_MSGSEND = YES;
				ENABLE_USER_SCRIPT_SANDBOXING = YES;
				GCC_C_LANGUAGE_STANDARD = gnu17;
				GCC_NO_COMMON_BLOCKS = YES;
				GCC_WARN_64_TO_32_BIT_CONVERSION = YES;
				GCC_WARN_ABOUT_RETURN_TYPE = YES_ERROR;
				GCC_WARN_UNDECLARED_SELECTOR = YES;
				GCC_WARN_UNINITIALIZED_AUTOS = YES_AGGRESSIVE;
				GCC_WARN_UNUSED_FUNCTION = YES;
				GCC_WARN_UNUSED_VARIABLE = YES;
				IPHONEOS_DEPLOYMENT_TARGET = 18.5;
				LOCALIZATION_PREFERS_STRING_CATALOGS = YES;
				MTL_ENABLE_DEBUG_INFO = NO;
				MTL_FAST_MATH = YES;
				SDKROOT = iphoneos;
				SWIFT_COMPILATION_MODE = wholemodule;
				VALIDATE_PRODUCT = YES;
			};
			name = Release;
		};
		80F600C22E85D4A0008F58FB /* Debug */ = {
			isa = XCBuildConfiguration;
			buildSettings = {
				ASSETCATALOG_COMPILER_APPICON_NAME = AppIcon;
				ASSETCATALOG_COMPILER_GLOBAL_ACCENT_COLOR_NAME = AccentColor;
				CODE_SIGN_ENTITLEMENTS = CortiFree/CortiFree.entitlements;
				CODE_SIGN_STYLE = Automatic;
				CURRENT_PROJECT_VERSION = 1;
				DEVELOPMENT_TEAM = 9XGVT5L2P3;
				ENABLE_PREVIEWS = YES;
				GENERATE_INFOPLIST_FILE = NO;
				INFOPLIST_FILE = Info.plist;
				IPHONEOS_DEPLOYMENT_TARGET = 18.5;
				LD_RUNPATH_SEARCH_PATHS = (
					"$(inherited)",
					"@executable_path/Frameworks",
				);
				MARKETING_VERSION = 1.0;
				MixpanelToken = 54821f0aa53aa5ce3804237815f94332;
				PRODUCT_BUNDLE_IDENTIFIER = Josbiot.App.CortiFree;
				PRODUCT_NAME = "$(TARGET_NAME)";
				SUPPORTED_PLATFORMS = "iphoneos iphonesimulator";
				SUPPORTS_MACCATALYST = NO;
				SUPPORTS_MAC_DESIGNED_FOR_IPHONE_IPAD = NO;
				SUPPORTS_XR_DESIGNED_FOR_IPHONE_IPAD = NO;
				SWIFT_EMIT_LOC_STRINGS = YES;
				SWIFT_VERSION = 5.0;
				SuperwallAPIKey = pk_JPmmC0H5be4yqTnw24VTm;
				TARGETED_DEVICE_FAMILY = 1;
			};
			name = Debug;
		};
		80F600C32E85D4A0008F58FB /* Release */ = {
			isa = XCBuildConfiguration;
			buildSettings = {
				ASSETCATALOG_COMPILER_APPICON_NAME = AppIcon;
				ASSETCATALOG_COMPILER_GLOBAL_ACCENT_COLOR_NAME = AccentColor;
				CODE_SIGN_ENTITLEMENTS = CortiFree/CortiFree.entitlements;
				CODE_SIGN_STYLE = Automatic;
				CURRENT_PROJECT_VERSION = 1;
				DEVELOPMENT_TEAM = 9XGVT5L2P3;
				ENABLE_PREVIEWS = YES;
				GENERATE_INFOPLIST_FILE = NO;
				INFOPLIST_FILE = Info.plist;
				IPHONEOS_DEPLOYMENT_TARGET = 18.5;
				LD_RUNPATH_SEARCH_PATHS = (
					"$(inherited)",
					"@executable_path/Frameworks",
				);
				MARKETING_VERSION = 1.0;
				MixpanelToken = 54821f0aa53aa5ce3804237815f94332;
				PRODUCT_BUNDLE_IDENTIFIER = Josbiot.App.CortiFree;
				PRODUCT_NAME = "$(TARGET_NAME)";
				SUPPORTED_PLATFORMS = "iphoneos iphonesimulator";
				SUPPORTS_MACCATALYST = NO;
				SUPPORTS_MAC_DESIGNED_FOR_IPHONE_IPAD = NO;
				SUPPORTS_XR_DESIGNED_FOR_IPHONE_IPAD = NO;
				SWIFT_EMIT_LOC_STRINGS = YES;
				SWIFT_VERSION = 5.0;
				SuperwallAPIKey = pk_JPmmC0H5be4yqTnw24VTm;
				TARGETED_DEVICE_FAMILY = 1;
			};
			name = Release;
		};
		80F600C52E85D4A0008F58FB /* Debug */ = {
			isa = XCBuildConfiguration;
			buildSettings = {
				BUNDLE_LOADER = "$(TEST_HOST)";
				CODE_SIGN_STYLE = Automatic;
				CURRENT_PROJECT_VERSION = 1;
				GENERATE_INFOPLIST_FILE = YES;
				IPHONEOS_DEPLOYMENT_TARGET = 18.5;
				MARKETING_VERSION = 1.0;
				PRODUCT_BUNDLE_IDENTIFIER = Josbiot.App.CortiFreeTests;
				PRODUCT_NAME = "$(TARGET_NAME)";
				SWIFT_EMIT_LOC_STRINGS = NO;
				SWIFT_VERSION = 5.0;
				TARGETED_DEVICE_FAMILY = "1,2";
				TEST_HOST = "$(BUILT_PRODUCTS_DIR)/CortiFree.app/$(BUNDLE_EXECUTABLE_FOLDER_PATH)/CortiFree";
			};
			name = Debug;
		};
		80F600C62E85D4A0008F58FB /* Release */ = {
			isa = XCBuildConfiguration;
			buildSettings = {
				BUNDLE_LOADER = "$(TEST_HOST)";
				CODE_SIGN_STYLE = Automatic;
				CURRENT_PROJECT_VERSION = 1;
				GENERATE_INFOPLIST_FILE = YES;
				IPHONEOS_DEPLOYMENT_TARGET = 18.5;
				MARKETING_VERSION = 1.0;
				PRODUCT_BUNDLE_IDENTIFIER = Josbiot.App.CortiFreeTests;
				PRODUCT_NAME = "$(TARGET_NAME)";
				SWIFT_EMIT_LOC_STRINGS = NO;
				SWIFT_VERSION = 5.0;
				TARGETED_DEVICE_FAMILY = "1,2";
				TEST_HOST = "$(BUILT_PRODUCTS_DIR)/CortiFree.app/$(BUNDLE_EXECUTABLE_FOLDER_PATH)/CortiFree";
			};
			name = Release;
		};
		80F600C82E85D4A0008F58FB /* Debug */ = {
			isa = XCBuildConfiguration;
			buildSettings = {
				CODE_SIGN_STYLE = Automatic;
				CURRENT_PROJECT_VERSION = 1;
				GENERATE_INFOPLIST_FILE = YES;
				MARKETING_VERSION = 1.0;
				PRODUCT_BUNDLE_IDENTIFIER = Josbiot.App.CortiFreeUITests;
				PRODUCT_NAME = "$(TARGET_NAME)";
				SUPPORTED_PLATFORMS = "iphoneos iphonesimulator";
				SUPPORTS_MACCATALYST = NO;
				SUPPORTS_MAC_DESIGNED_FOR_IPHONE_IPAD = NO;
				SUPPORTS_XR_DESIGNED_FOR_IPHONE_IPAD = NO;
				SWIFT_EMIT_LOC_STRINGS = NO;
				SWIFT_VERSION = 5.0;
				TARGETED_DEVICE_FAMILY = 1;
				TEST_TARGET_NAME = CortiFree;
			};
			name = Debug;
		};
		80F600C92E85D4A0008F58FB /* Release */ = {
			isa = XCBuildConfiguration;
			buildSettings = {
				CODE_SIGN_STYLE = Automatic;
				CURRENT_PROJECT_VERSION = 1;
				GENERATE_INFOPLIST_FILE = YES;
				MARKETING_VERSION = 1.0;
				PRODUCT_BUNDLE_IDENTIFIER = Josbiot.App.CortiFreeUITests;
				PRODUCT_NAME = "$(TARGET_NAME)";
				SUPPORTED_PLATFORMS = "iphoneos iphonesimulator";
				SUPPORTS_MACCATALYST = NO;
				SUPPORTS_MAC_DESIGNED_FOR_IPHONE_IPAD = NO;
				SUPPORTS_XR_DESIGNED_FOR_IPHONE_IPAD = NO;
				SWIFT_EMIT_LOC_STRINGS = NO;
				SWIFT_VERSION = 5.0;
				TARGETED_DEVICE_FAMILY = 1;
				TEST_TARGET_NAME = CortiFree;
			};
			name = Release;
		};
/* End XCBuildConfiguration section */

/* Begin XCConfigurationList section */
		80F6009B2E85D4A0008F58FB /* Build configuration list for PBXProject "CortiFree" */ = {
			isa = XCConfigurationList;
			buildConfigurations = (
				80F600BF2E85D4A0008F58FB /* Debug */,
				80F600C02E85D4A0008F58FB /* Release */,
			);
			defaultConfigurationIsVisible = 0;
			defaultConfigurationName = Release;
		};
		80F600C12E85D4A0008F58FB /* Build configuration list for PBXNativeTarget "CortiFree" */ = {
			isa = XCConfigurationList;
			buildConfigurations = (
				80F600C22E85D4A0008F58FB /* Debug */,
				80F600C32E85D4A0008F58FB /* Release */,
			);
			defaultConfigurationIsVisible = 0;
			defaultConfigurationName = Release;
		};
		80F600C42E85D4A0008F58FB /* Build configuration list for PBXNativeTarget "CortiFreeTests" */ = {
			isa = XCConfigurationList;
			buildConfigurations = (
				80F600C52E85D4A0008F58FB /* Debug */,
				80F600C62E85D4A0008F58FB /* Release */,
			);
			defaultConfigurationIsVisible = 0;
			defaultConfigurationName = Release;
		};
		80F600C72E85D4A0008F58FB /* Build configuration list for PBXNativeTarget "CortiFreeUITests" */ = {
			isa = XCConfigurationList;
			buildConfigurations = (
				80F600C82E85D4A0008F58FB /* Debug */,
				80F600C92E85D4A0008F58FB /* Release */,
			);
			defaultConfigurationIsVisible = 0;
			defaultConfigurationName = Release;
		};
/* End XCConfigurationList section */

/* Begin XCRemoteSwiftPackageReference section */
		8021AEC82ED91A0100541E54 /* XCRemoteSwiftPackageReference "GoogleSignIn-iOS" */ = {
			isa = XCRemoteSwiftPackageReference;
			repositoryURL = "https://github.com/google/GoogleSignIn-iOS";
			requirement = {
				kind = upToNextMajorVersion;
				minimumVersion = 9.0.0;
			};
		};
		802C49AF2EBBB2340084B356 /* XCRemoteSwiftPackageReference "lottie-spm" */ = {
			isa = XCRemoteSwiftPackageReference;
			repositoryURL = "https://github.com/airbnb/lottie-spm";
			requirement = {
				kind = upToNextMajorVersion;
				minimumVersion = 4.5.2;
			};
		};
		8077CC282ECF8AF400742806 /* XCRemoteSwiftPackageReference "mixpanel-swift" */ = {
			isa = XCRemoteSwiftPackageReference;
			repositoryURL = "https://github.com/mixpanel/mixpanel-swift";
			requirement = {
				branch = master;
				kind = branch;
			};
		};
		80F600CA2E85D5BF008F58FB /* XCRemoteSwiftPackageReference "firebase-ios-sdk" */ = {
			isa = XCRemoteSwiftPackageReference;
			repositoryURL = "https://github.com/firebase/firebase-ios-sdk";
			requirement = {
				kind = upToNextMajorVersion;
				minimumVersion = 12.3.0;
			};
		};
		80F600D52E85EAA9008F58FB /* XCRemoteSwiftPackageReference "Superwall-iOS" */ = {
			isa = XCRemoteSwiftPackageReference;
			repositoryURL = "https://github.com/superwall/Superwall-iOS";
			requirement = {
				kind = upToNextMajorVersion;
				minimumVersion = 4.8.3;
			};
		};
/* End XCRemoteSwiftPackageReference section */

/* Begin XCSwiftPackageProductDependency section */
		8021AEC92ED91A0100541E54 /* GoogleSignIn */ = {
			isa = XCSwiftPackageProductDependency;
			package = 8021AEC82ED91A0100541E54 /* XCRemoteSwiftPackageReference "GoogleSignIn-iOS" */;
			productName = GoogleSignIn;
		};
		8021AECB2ED91A0100541E54 /* GoogleSignInSwift */ = {
			isa = XCSwiftPackageProductDependency;
			package = 8021AEC82ED91A0100541E54 /* XCRemoteSwiftPackageReference "GoogleSignIn-iOS" */;
			productName = GoogleSignInSwift;
		};
		802C49B02EBBB2340084B356 /* Lottie */ = {
			isa = XCSwiftPackageProductDependency;
			package = 802C49AF2EBBB2340084B356 /* XCRemoteSwiftPackageReference "lottie-spm" */;
			productName = Lottie;
		};
		8077CC292ECF8AF400742806 /* Mixpanel */ = {
			isa = XCSwiftPackageProductDependency;
			package = 8077CC282ECF8AF400742806 /* XCRemoteSwiftPackageReference "mixpanel-swift" */;
			productName = Mixpanel;
		};
		8097F9902EA8CBCA007C9606 /* FirebaseAuth */ = {
			isa = XCSwiftPackageProductDependency;
			package = 80F600CA2E85D5BF008F58FB /* XCRemoteSwiftPackageReference "firebase-ios-sdk" */;
			productName = FirebaseAuth;
		};
		8097F9922EA8CBCA007C9606 /* FirebaseFirestore */ = {
			isa = XCSwiftPackageProductDependency;
			package = 80F600CA2E85D5BF008F58FB /* XCRemoteSwiftPackageReference "firebase-ios-sdk" */;
			productName = FirebaseFirestore;
		};
		80F600CB2E85D5BF008F58FB /* FirebaseAI */ = {
			isa = XCSwiftPackageProductDependency;
			package = 80F600CA2E85D5BF008F58FB /* XCRemoteSwiftPackageReference "firebase-ios-sdk" */;
			productName = FirebaseAI;
		};
		80F600CD2E85D5BF008F58FB /* FirebaseAnalytics */ = {
			isa = XCSwiftPackageProductDependency;
			package = 80F600CA2E85D5BF008F58FB /* XCRemoteSwiftPackageReference "firebase-ios-sdk" */;
			productName = FirebaseAnalytics;
		};
		80F600CF2E85D5BF008F58FB /* FirebaseAnalyticsCore */ = {
			isa = XCSwiftPackageProductDependency;
			package = 80F600CA2E85D5BF008F58FB /* XCRemoteSwiftPackageReference "firebase-ios-sdk" */;
			productName = FirebaseAnalyticsCore;
		};
		80F600D12E85D5BF008F58FB /* FirebaseAnalyticsIdentitySupport */ = {
			isa = XCSwiftPackageProductDependency;
			package = 80F600CA2E85D5BF008F58FB /* XCRemoteSwiftPackageReference "firebase-ios-sdk" */;
			productName = FirebaseAnalyticsIdentitySupport;
		};
		80F600D62E85EAA9008F58FB /* SuperwallKit */ = {
			isa = XCSwiftPackageProductDependency;
			package = 80F600D52E85EAA9008F58FB /* XCRemoteSwiftPackageReference "Superwall-iOS" */;
			productName = SuperwallKit;
		};
/* End XCSwiftPackageProductDependency section */
	};
	rootObject = 80F600982E85D4A0008F58FB /* Project object */;
}
